{
  "lockfileVersion": 1,
  "configVersion": 1,
  "workspaces": {
    "": {
      "name": "kild-pi-extension",
      "dependencies": {
        "typebox": "1.1.38",
      },
    },
  },
  "packages": {
    "typebox": ["typebox@1.1.38", "", {}, "sha512-pZ0aQPmMmXoUvSbeuWf/Hzsc+avNw/Zd6VeE8CFgkVGWyuHPJvqeJJDeJqLve+K70LvjYIoleGcoJHPT17cWoA=="],
  }
}
